lockfileVersion: '9.0'

settings:
  autoInstallPeers: true
  excludeLinksFromLockfile: false

importers:

  .:
    dependencies:
      '@inquirer/prompts':
        specifier: ^8.1.0
        version: 8.1.0
      '@mihomo-party/sysproxy':
        specifier: ^2.0.8
        version: 2.0.8
      adm-zip:
        specifier: ^0.5.16
        version: 0.5.16
      axios:
        specifier: ^1.13.2
        version: 1.13.2
      boxen:
        specifier: ^8.0.1
        version: 8.0.1
      chalk:
        specifier: ^5.6.2
        version: 5.6.2
      cli-progress:
        specifier: ^3.12.0
        version: 3.12.0
      commander:
        specifier: ^14.0.2
        version: 14.0.2
      inquirer:
        specifier: ^13.1.0
        version: 13.1.0
      ora:
        specifier: ^9.0.0
        version: 9.0.0
      yaml:
        specifier: ^2.8.2
        version: 2.8.2

packages:

  '@inquirer/ansi@2.0.2':
    resolution: {integrity: sha512-SYLX05PwJVnW+WVegZt1T4Ip1qba1ik+pNJPDiqvk6zS5Y/i8PhRzLpGEtVd7sW0G8cMtkD8t4AZYhQwm8vnww==}
    engines: {node: '>=23.5.0 || ^22.13.0 || ^21.7.0 || ^20.12.0'}

  '@inquirer/checkbox@5.0.3':
    resolution: {integrity: sha512-xtQP2eXMFlOcAhZ4ReKP2KZvDIBb1AnCfZ81wWXG3DXLVH0f0g4obE0XDPH+ukAEMRcZT0kdX2AS1jrWGXbpxw==}
    engines: {node: '>=23.5.0 || ^22.13.0 || ^21.7.0 || ^20.12.0'}
    peerDependencies:
      '@types/node': '>=18'
    peerDependenciesMeta:
      '@types/node':
        optional: true

  '@inquirer/confirm@6.0.3':
    resolution: {integrity: sha512-lyEvibDFL+NA5R4xl8FUmNhmu81B+LDL9L/MpKkZlQDJZXzG8InxiqYxiAlQYa9cqLLhYqKLQwZqXmSTqCLjyw==}
    engines: {node: '>=23.5.0 || ^22.13.0 || ^21.7.0 || ^20.12.0'}
    peerDependencies:
      '@types/node': '>=18'
    peerDependenciesMeta:
      '@types/node':
        optional: true

  '@inquirer/core@11.1.0':
    resolution: {integrity: sha512-+jD/34T1pK8M5QmZD/ENhOfXdl9Zr+BrQAUc5h2anWgi7gggRq15ZbiBeLoObj0TLbdgW7TAIQRU2boMc9uOKQ==}
    engines: {node: '>=23.5.0 || ^22.13.0 || ^21.7.0 || ^20.12.0'}
    peerDependencies:
      '@types/node': '>=18'
    peerDependenciesMeta:
      '@types/node':
        optional: true

  '@inquirer/editor@5.0.3':
    resolution: {integrity: sha512-wYyQo96TsAqIciP/r5D3cFeV8h4WqKQ/YOvTg5yOfP2sqEbVVpbxPpfV3LM5D0EP4zUI3EZVHyIUIllnoIa8OQ==}
    engines: {node: '>=23.5.0 || ^22.13.0 || ^21.7.0 || ^20.12.0'}
    peerDependencies:
      '@types/node': '>=18'
    peerDependenciesMeta:
      '@types/node':
        optional: true

  '@inquirer/expand@5.0.3':
    resolution: {integrity: sha512-2oINvuL27ujjxd95f6K2K909uZOU2x1WiAl7Wb1X/xOtL8CgQ1kSxzykIr7u4xTkXkXOAkCuF45T588/YKee7w==}
    engines: {node: '>=23.5.0 || ^22.13.0 || ^21.7.0 || ^20.12.0'}
    peerDependencies:
      '@types/node': '>=18'
    peerDependenciesMeta:
      '@types/node':
        optional: true

  '@inquirer/external-editor@2.0.2':
    resolution: {integrity: sha512-X/fMXK7vXomRWEex1j8mnj7s1mpnTeP4CO/h2gysJhHLT2WjBnLv4ZQEGpm/kcYI8QfLZ2fgW+9kTKD+jeopLg==}
    engines: {node: '>=23.5.0 || ^22.13.0 || ^21.7.0 || ^20.12.0'}
    peerDependencies:
      '@types/node': '>=18'
    peerDependenciesMeta:
      '@types/node':
        optional: true

  '@inquirer/figures@2.0.2':
    resolution: {integrity: sha512-qXm6EVvQx/FmnSrCWCIGtMHwqeLgxABP8XgcaAoywsL0NFga9gD5kfG0gXiv80GjK9Hsoz4pgGwF/+CjygyV9A==}
    engines: {node: '>=23.5.0 || ^22.13.0 || ^21.7.0 || ^20.12.0'}

  '@inquirer/input@5.0.3':
    resolution: {integrity: sha512-4R0TdWl53dtp79Vs6Df2OHAtA2FVNqya1hND1f5wjHWxZJxwDMSNB1X5ADZJSsQKYAJ5JHCTO+GpJZ42mK0Otw==}
    engines: {node: '>=23.5.0 || ^22.13.0 || ^21.7.0 || ^20.12.0'}
    peerDependencies:
      '@types/node': '>=18'
    peerDependenciesMeta:
      '@types/node':
        optional: true

  '@inquirer/number@4.0.3':
    resolution: {integrity: sha512-TjQLe93GGo5snRlu83JxE38ZPqj5ZVggL+QqqAF2oBA5JOJoxx25GG3EGH/XN/Os5WOmKfO8iLVdCXQxXRZIMQ==}
    engines: {node: '>=23.5.0 || ^22.13.0 || ^21.7.0 || ^20.12.0'}
    peerDependencies:
      '@types/node': '>=18'
    peerDependenciesMeta:
      '@types/node':
        optional: true

  '@inquirer/password@5.0.3':
    resolution: {integrity: sha512-rCozGbUMAHedTeYWEN8sgZH4lRCdgG/WinFkit6ZPsp8JaNg2T0g3QslPBS5XbpORyKP/I+xyBO81kFEvhBmjA==}
    engines: {node: '>=23.5.0 || ^22.13.0 || ^21.7.0 || ^20.12.0'}
    peerDependencies:
      '@types/node': '>=18'
    peerDependenciesMeta:
      '@types/node':
        optional: true

  '@inquirer/prompts@8.1.0':
    resolution: {integrity: sha512-LsZMdKcmRNF5LyTRuZE5nWeOjganzmN3zwbtNfcs6GPh3I2TsTtF1UYZlbxVfhxd+EuUqLGs/Lm3Xt4v6Az1wA==}
    engines: {node: '>=23.5.0 || ^22.13.0 || ^21.7.0 || ^20.12.0'}
    peerDependencies:
      '@types/node': '>=18'
    peerDependenciesMeta:
      '@types/node':
        optional: true

  '@inquirer/rawlist@5.1.0':
    resolution: {integrity: sha512-yUCuVh0jW026Gr2tZlG3kHignxcrLKDR3KBp+eUgNz+BAdSeZk0e18yt2gyBr+giYhj/WSIHCmPDOgp1mT2niQ==}
    engines: {node: '>=23.5.0 || ^22.13.0 || ^21.7.0 || ^20.12.0'}
    peerDependencies:
      '@types/node': '>=18'
    peerDependenciesMeta:
      '@types/node':
        optional: true

  '@inquirer/search@4.0.3':
    resolution: {integrity: sha512-lzqVw0YwuKYetk5VwJ81Ba+dyVlhseHPx9YnRKQgwXdFS0kEavCz2gngnNhnMIxg8+j1N/rUl1t5s1npwa7bqg==}
    engines: {node: '>=23.5.0 || ^22.13.0 || ^21.7.0 || ^20.12.0'}
    peerDependencies:
      '@types/node': '>=18'
    peerDependenciesMeta:
      '@types/node':
        optional: true

  '@inquirer/select@5.0.3':
    resolution: {integrity: sha512-M+ynbwS0ecQFDYMFrQrybA0qL8DV0snpc4kKevCCNaTpfghsRowRY7SlQBeIYNzHqXtiiz4RG9vTOeb/udew7w==}
    engines: {node: '>=23.5.0 || ^22.13.0 || ^21.7.0 || ^20.12.0'}
    peerDependencies:
      '@types/node': '>=18'
    peerDependenciesMeta:
      '@types/node':
        optional: true

  '@inquirer/type@4.0.2':
    resolution: {integrity: sha512-cae7mzluplsjSdgFA6ACLygb5jC8alO0UUnFPyu0E7tNRPrL+q/f8VcSXp+cjZQ7l5CMpDpi2G1+IQvkOiL1Lw==}
    engines: {node: '>=23.5.0 || ^22.13.0 || ^21.7.0 || ^20.12.0'}
    peerDependencies:
      '@types/node': '>=18'
    peerDependenciesMeta:
      '@types/node':
        optional: true

  '@mihomo-party/sysproxy-darwin-arm64@2.0.8':
    resolution: {integrity: sha512-4bSqsjEkmtXzgr8zrSUiNmOdlfRDnkFoXICfJqH7ZlM+4L6n74zrm6perFP0NHPpn/oZO97QXGxIJUQSNhFDrw==}
    engines: {node: '>= 10'}
    cpu: [arm64]
    os: [darwin]

  '@mihomo-party/sysproxy-darwin-x64@2.0.8':
    resolution: {integrity: sha512-sIDzG7yyQZu+DKQ8X1MeYubdEqXSDjzYjVi+5rVZG/jfLlucS9QZNNiXyoTTDUD5cGRcqv1gYNRynd2Csewesg==}
    engines: {node: '>= 10'}
    cpu: [x64]
    os: [darwin]

  '@mihomo-party/sysproxy-linux-arm64-gnu@2.0.8':
    resolution: {integrity: sha512-weKk+KcB4lghEj3z15x9FSyla3PT3uLIEU4l4LE4RqhzxgkbJmOt7Wu+ofx4/1k8g8OwwGXIucNgYsV0qpnZQg==}
    engines: {node: '>= 10'}
    cpu: [arm64]
    os: [linux]

  '@mihomo-party/sysproxy-linux-x64-gnu@2.0.8':
    resolution: {integrity: sha512-wLt63mztsnZoGFUKxzizRRRd5qAtINg+tB2zdhOnr+0E9TaKLGxZnhYm+Nk8tAB1EBvqjmTWsJG9MDHikh2agg==}
    engines: {node: '>= 10'}
    cpu: [x64]
    os: [linux]

  '@mihomo-party/sysproxy-win32-arm64-msvc@2.0.8':
    resolution: {integrity: sha512-+Mxkw8d3rD6sbFZjjZ18kfx1/WrWXOVlpKd8k3Gdf4LUg7nW8vr64Eaxvjxwcw9AQ1Bu61SHEtvNZfu7woCc1w==}
    engines: {node: '>= 10'}
    cpu: [arm64]
    os: [win32]

  '@mihomo-party/sysproxy-win32-ia32-msvc@2.0.8':
    resolution: {integrity: sha512-xOVagbGu21MGzEMidpgMoQGRHY0V1EFdDKb+ZhPPnoIbFhECBRR9fQK7lENV6e7S41ppNbg1Rja4J94VpXdvZA==}
    engines: {node: '>= 10'}
    cpu: [ia32]
    os: [win32]

  '@mihomo-party/sysproxy-win32-x64-msvc@2.0.8':
    resolution: {integrity: sha512-AIgCFoExX36BgXN8sQyf0G99wrObFO0LGBzEFs9OsS2cg8bPkpt63XkAkNcGVxlqJD4WLzsS1GhbsL3qzo64DQ==}
    engines: {node: '>= 10'}
    cpu: [x64]
    os: [win32]

  '@mihomo-party/sysproxy@2.0.8':
    resolution: {integrity: sha512-tCnkDL4UjbUPvFvFubswmWxz56f+gTsYDpv1ULke1YDEZN7aTSREgC3K+Ge7JjZj2jUZYU1lEYuhFgeFz6+W6w==}
    engines: {node: '>= 10'}

  adm-zip@0.5.16:
    resolution: {integrity: sha512-TGw5yVi4saajsSEgz25grObGHEUaDrniwvA2qwSC060KfqGPdglhvPMA2lPIoxs3PQIItj2iag35fONcQqgUaQ==}
    engines: {node: '>=12.0'}

  ansi-align@3.0.1:
    resolution: {integrity: sha512-IOfwwBF5iczOjp/WeY4YxyjqAFMQoZufdQWDd19SEExbVLNXqvpzSJ/M7Za4/sCPmQ0+GRquoA7bGcINcxew6w==}

  ansi-regex@5.0.1:
    resolution: {integrity: sha512-quJQXlTSUGL2LH9SUXo8VwsY4soanhgo6LNSm84E1LBcE8s3O0wpdiRzyR9z/ZZJMlMWv37qOOb9pdJlMUEKFQ==}
    engines: {node: '>=8'}

  ansi-regex@6.2.2:
    resolution: {integrity: sha512-Bq3SmSpyFHaWjPk8If9yc6svM8c56dB5BAtW4Qbw5jHTwwXXcTLoRMkpDJp6VL0XzlWaCHTXrkFURMYmD0sLqg==}
    engines: {node: '>=12'}

  ansi-styles@6.2.3:
    resolution: {integrity: sha512-4Dj6M28JB+oAH8kFkTLUo+a2jwOFkuqb3yucU0CANcRRUbxS0cP0nZYCGjcc3BNXwRIsUVmDGgzawme7zvJHvg==}
    engines: {node: '>=12'}

  asynckit@0.4.0:
    resolution: {integrity: sha512-Oei9OH4tRh0YqU3GxhX79dM/mwVgvbZJaSNaRk+bshkj0S5cfHcgYakreBjrHwatXKbz+IoIdYLxrKim2MjW0Q==}

  axios@1.13.2:
    resolution: {integrity: sha512-VPk9ebNqPcy5lRGuSlKx752IlDatOjT9paPlm8A7yOuW2Fbvp4X3JznJtT4f0GzGLLiWE9W8onz51SqLYwzGaA==}

  boxen@8.0.1:
    resolution: {integrity: sha512-F3PH5k5juxom4xktynS7MoFY+NUWH5LC4CnH11YB8NPew+HLpmBLCybSAEyb2F+4pRXhuhWqFesoQd6DAyc2hw==}
    engines: {node: '>=18'}

  call-bind-apply-helpers@1.0.2:
    resolution: {integrity: sha512-Sp1ablJ0ivDkSzjcaJdxEunN5/XvksFJ2sMBFfq6x0ryhQV/2b/KwFe21cMpmHtPOSij8K99/wSfoEuTObmuMQ==}
    engines: {node: '>= 0.4'}

  camelcase@8.0.0:
    resolution: {integrity: sha512-8WB3Jcas3swSvjIeA2yvCJ+Miyz5l1ZmB6HFb9R1317dt9LCQoswg/BGrmAmkWVEszSrrg4RwmO46qIm2OEnSA==}
    engines: {node: '>=16'}

  chalk@5.6.2:
    resolution: {integrity: sha512-7NzBL0rN6fMUW+f7A6Io4h40qQlG+xGmtMxfbnH/K7TAtt8JQWVQK+6g0UXKMeVJoyV5EkkNsErQ8pVD3bLHbA==}
    engines: {node: ^12.17.0 || ^14.13 || >=16.0.0}

  chardet@2.1.1:
    resolution: {integrity: sha512-PsezH1rqdV9VvyNhxxOW32/d75r01NY7TQCmOqomRo15ZSOKbpTFVsfjghxo6JloQUCGnH4k1LGu0R4yCLlWQQ==}

  cli-boxes@3.0.0:
    resolution: {integrity: sha512-/lzGpEWL/8PfI0BmBOPRwp0c/wFNX1RdUML3jK/RcSBA9T8mZDdQpqYBKtCFTOfQbwPqWEOpjqW+Fnayc0969g==}
    engines: {node: '>=10'}

  cli-cursor@5.0.0:
    resolution: {integrity: sha512-aCj4O5wKyszjMmDT4tZj93kxyydN/K5zPWSCe6/0AV/AA1pqe5ZBIw0a2ZfPQV7lL5/yb5HsUreJ6UFAF1tEQw==}
    engines: {node: '>=18'}

  cli-progress@3.12.0:
    resolution: {integrity: sha512-tRkV3HJ1ASwm19THiiLIXLO7Im7wlTuKnvkYaTkyoAPefqjNg7W7DHKUlGRxy9vxDvbyCYQkQozvptuMkGCg8A==}
    engines: {node: '>=4'}

  cli-spinners@3.3.0:
    resolution: {integrity: sha512-/+40ljC3ONVnYIttjMWrlL51nItDAbBrq2upN8BPyvGU/2n5Oxw3tbNwORCaNuNqLJnxGqOfjUuhsv7l5Q4IsQ==}
    engines: {node: '>=18.20'}

  cli-width@4.1.0:
    resolution: {integrity: sha512-ouuZd4/dm2Sw5Gmqy6bGyNNNe1qt9RpmxveLSO7KcgsTnU7RXfsw+/bukWGo1abgBiMAic068rclZsO4IWmmxQ==}
    engines: {node: '>= 12'}

  combined-stream@1.0.8:
    resolution: {integrity: sha512-FQN4MRfuJeHf7cBbBMJFXhKSDq+2kAArBlmRBvcvFE5BB1HZKXtSFASDhdlz9zOYwxh8lDdnvmMOe/+5cdoEdg==}
    engines: {node: '>= 0.8'}

  commander@14.0.2:
    resolution: {integrity: sha512-TywoWNNRbhoD0BXs1P3ZEScW8W5iKrnbithIl0YH+uCmBd0QpPOA8yc82DS3BIE5Ma6FnBVUsJ7wVUDz4dvOWQ==}
    engines: {node: '>=20'}

  delayed-stream@1.0.0:
    resolution: {integrity: sha512-ZySD7Nf91aLB0RxL4KGrKHBXl7Eds1DAmEdcoVawXnLD7SDhpNgtuII2aAkg7a7QS41jxPSZ17p4VdGnMHk3MQ==}
    engines: {node: '>=0.4.0'}

  dunder-proto@1.0.1:
    resolution: {integrity: sha512-KIN/nDJBQRcXw0MLVhZE9iQHmG68qAVIBg9CqmUYjmQIhgij9U5MFvrqkUL5FbtyyzZuOeOt0zdeRe4UY7ct+A==}
    engines: {node: '>= 0.4'}

  emoji-regex@10.6.0:
    resolution: {integrity: sha512-toUI84YS5YmxW219erniWD0CIVOo46xGKColeNQRgOzDorgBi1v4D71/OFzgD9GO2UGKIv1C3Sp8DAn0+j5w7A==}

  emoji-regex@8.0.0:
    resolution: {integrity: sha512-MSjYzcWNOA0ewAHpz0MxpYFvwg6yjy1NG3xteoqz644VCo/RPgnr1/GGt+ic3iJTzQ8Eu3TdM14SawnVUmGE6A==}

  es-define-property@1.0.1:
    resolution: {integrity: sha512-e3nRfgfUZ4rNGL232gUgX06QNyyez04KdjFrF+LTRoOXmrOgFKDg4BCdsjW8EnT69eqdYGmRpJwiPVYNrCaW3g==}
    engines: {node: '>= 0.4'}

  es-errors@1.3.0:
    resolution: {integrity: sha512-Zf5H2Kxt2xjTvbJvP2ZWLEICxA6j+hAmMzIlypy4xcBg1vKVnx89Wy0GbS+kf5cwCVFFzdCFh2XSCFNULS6csw==}
    engines: {node: '>= 0.4'}

  es-object-atoms@1.1.1:
    resolution: {integrity: sha512-FGgH2h8zKNim9ljj7dankFPcICIK9Cp5bm+c2gQSYePhpaG5+esrLODihIorn+Pe6FGJzWhXQotPv73jTaldXA==}
    engines: {node: '>= 0.4'}

  es-set-tostringtag@2.1.0:
    resolution: {integrity: sha512-j6vWzfrGVfyXxge+O0x5sh6cvxAog0a/4Rdd2K36zCMV5eJ+/+tOAngRO8cODMNWbVRdVlmGZQL2YS3yR8bIUA==}
    engines: {node: '>= 0.4'}

  follow-redirects@1.15.11:
    resolution: {integrity: sha512-deG2P0JfjrTxl50XGCDyfI97ZGVCxIpfKYmfyrQ54n5FO/0gfIES8C/Psl6kWVDolizcaaxZJnTS0QSMxvnsBQ==}
    engines: {node: '>=4.0'}
    peerDependencies:
      debug: '*'
    peerDependenciesMeta:
      debug:
        optional: true

  form-data@4.0.5:
    resolution: {integrity: sha512-8RipRLol37bNs2bhoV67fiTEvdTrbMUYcFTiy3+wuuOnUog2QBHCZWXDRijWQfAkhBj2Uf5UnVaiWwA5vdd82w==}
    engines: {node: '>= 6'}

  function-bind@1.1.2:
    resolution: {integrity: sha512-7XHNxH7qX9xG5mIwxkhumTox/MIRNcOgDrxWsMt2pAr23WHp6MrRlN7FBSFpCpr+oVO0F744iUgR82nJMfG2SA==}

  get-east-asian-width@1.4.0:
    resolution: {integrity: sha512-QZjmEOC+IT1uk6Rx0sX22V6uHWVwbdbxf1faPqJ1QhLdGgsRGCZoyaQBm/piRdJy/D2um6hM1UP7ZEeQ4EkP+Q==}
    engines: {node: '>=18'}

  get-intrinsic@1.3.0:
    resolution: {integrity: sha512-9fSjSaos/fRIVIp+xSJlE6lfwhES7LNtKaCBIamHsjr2na1BiABJPo0mOjjz8GJDURarmCPGqaiVg5mfjb98CQ==}
    engines: {node: '>= 0.4'}

  get-proto@1.0.1:
    resolution: {integrity: sha512-sTSfBjoXBp89JvIKIefqw7U2CCebsc74kiY6awiGogKtoSGbgjYE/G/+l9sF3MWFPNc9IcoOC4ODfKHfxFmp0g==}
    engines: {node: '>= 0.4'}

  gopd@1.2.0:
    resolution: {integrity: sha512-ZUKRh6/kUFoAiTAtTYPZJ3hw9wNxx+BIBOijnlG9PnrJsCcSjs1wyyD6vJpaYtgnzDrKYRSqf3OO6Rfa93xsRg==}
    engines: {node: '>= 0.4'}

  has-symbols@1.1.0:
    resolution: {integrity: sha512-1cDNdwJ2Jaohmb3sg4OmKaMBwuC48sYni5HUw2DvsC8LjGTLK9h+eb1X6RyuOHe4hT0ULCW68iomhjUoKUqlPQ==}
    engines: {node: '>= 0.4'}

  has-tostringtag@1.0.2:
    resolution: {integrity: sha512-NqADB8VjPFLM2V0VvHUewwwsw0ZWBaIdgo+ieHtK3hasLz4qeCRjYcqfB6AQrBggRKppKF8L52/VqdVsO47Dlw==}
    engines: {node: '>= 0.4'}

  hasown@2.0.2:
    resolution: {integrity: sha512-0hJU9SCPvmMzIBdZFqNPXWa6dqh7WdH0cII9y+CyS8rG3nL48Bclra9HmKhVVUHyPWNH5Y7xDwAB7bfgSjkUMQ==}
    engines: {node: '>= 0.4'}

  iconv-lite@0.7.1:
    resolution: {integrity: sha512-2Tth85cXwGFHfvRgZWszZSvdo+0Xsqmw8k8ZwxScfcBneNUraK+dxRxRm24nszx80Y0TVio8kKLt5sLE7ZCLlw==}
    engines: {node: '>=0.10.0'}

  inquirer@13.1.0:
    resolution: {integrity: sha512-4vv4GS/9HLnn0radvmHlXUXiNkd2gYCBQ4U1rxZWBJDisu2Z06bzUM9CFU8pcu1vwuAQjo6O+CFiqCYNsEi6qQ==}
    engines: {node: '>=23.5.0 || ^22.13.0 || ^21.7.0 || ^20.12.0'}
    peerDependencies:
      '@types/node': '>=18'
    peerDependenciesMeta:
      '@types/node':
        optional: true

  is-fullwidth-code-point@3.0.0:
    resolution: {integrity: sha512-zymm5+u+sCsSWyD9qNaejV3DFvhCKclKdizYaJUuHA83RLjb7nSuGnddCHGv0hk+KY7BMAlsWeK4Ueg6EV6XQg==}
    engines: {node: '>=8'}

  is-interactive@2.0.0:
    resolution: {integrity: sha512-qP1vozQRI+BMOPcjFzrjXuQvdak2pHNUMZoeG2eRbiSqyvbEf/wQtEOTOX1guk6E3t36RkaqiSt8A/6YElNxLQ==}
    engines: {node: '>=12'}

  is-unicode-supported@2.1.0:
    resolution: {integrity: sha512-mE00Gnza5EEB3Ds0HfMyllZzbBrmLOX3vfWoj9A9PEnTfratQ/BcaJOuMhnkhjXvb2+FkY3VuHqtAGpTPmglFQ==}
    engines: {node: '>=18'}

  log-symbols@7.0.1:
    resolution: {integrity: sha512-ja1E3yCr9i/0hmBVaM0bfwDjnGy8I/s6PP4DFp+yP+a+mrHO4Rm7DtmnqROTUkHIkqffC84YY7AeqX6oFk0WFg==}
    engines: {node: '>=18'}

  math-intrinsics@1.1.0:
    resolution: {integrity: sha512-/IXtbwEk5HTPyEwyKX6hGkYXxM9nbj64B+ilVJnC/R6B0pH5G4V3b0pVbL7DBj4tkhBAppbQUlf6F6Xl9LHu1g==}
    engines: {node: '>= 0.4'}

  mime-db@1.52.0:
    resolution: {integrity: sha512-sPU4uV7dYlvtWJxwwxHD0PuihVNiE7TyAbQ5SWxDCB9mUYvOgroQOwYQQOKPJ8CIbE+1ETVlOoK1UC2nU3gYvg==}
    engines: {node: '>= 0.6'}

  mime-types@2.1.35:
    resolution: {integrity: sha512-ZDY+bPm5zTTF+YpCrAU9nK0UgICYPT0QtT1NZWFv4s++TNkcgVaT0g6+4R2uI4MjQjzysHB1zxuWL50hzaeXiw==}
    engines: {node: '>= 0.6'}

  mimic-function@5.0.1:
    resolution: {integrity: sha512-VP79XUPxV2CigYP3jWwAUFSku2aKqBH7uTAapFWCBqutsbmDo96KY5o8uh6U+/YSIn5OxJnXp73beVkpqMIGhA==}
    engines: {node: '>=18'}

  mute-stream@3.0.0:
    resolution: {integrity: sha512-dkEJPVvun4FryqBmZ5KhDo0K9iDXAwn08tMLDinNdRBNPcYEDiWYysLcc6k3mjTMlbP9KyylvRpd4wFtwrT9rw==}
    engines: {node: ^20.17.0 || >=22.9.0}

  onetime@7.0.0:
    resolution: {integrity: sha512-VXJjc87FScF88uafS3JllDgvAm+c/Slfz06lorj2uAY34rlUu0Nt+v8wreiImcrgAjjIHp1rXpTDlLOGw29WwQ==}
    engines: {node: '>=18'}

  ora@9.0.0:
    resolution: {integrity: sha512-m0pg2zscbYgWbqRR6ABga5c3sZdEon7bSgjnlXC64kxtxLOyjRcbbUkLj7HFyy/FTD+P2xdBWu8snGhYI0jc4A==}
    engines: {node: '>=20'}

  proxy-from-env@1.1.0:
    resolution: {integrity: sha512-D+zkORCbA9f1tdWRK0RaCR3GPv50cMxcrz4X8k5LTSUD1Dkw47mKJEZQNunItRTkWwgtaUSo1RVFRIG9ZXiFYg==}

  restore-cursor@5.1.0:
    resolution: {integrity: sha512-oMA2dcrw6u0YfxJQXm342bFKX/E4sG9rbTzO9ptUcR/e8A33cHuvStiYOwH7fszkZlZ1z/ta9AAoPk2F4qIOHA==}
    engines: {node: '>=18'}

  run-async@4.0.6:
    resolution: {integrity: sha512-IoDlSLTs3Yq593mb3ZoKWKXMNu3UpObxhgA/Xuid5p4bbfi2jdY1Hj0m1K+0/tEuQTxIGMhQDqGjKb7RuxGpAQ==}
    engines: {node: '>=0.12.0'}

  rxjs@7.8.2:
    resolution: {integrity: sha512-dhKf903U/PQZY6boNNtAGdWbG85WAbjT/1xYoZIC7FAY0yWapOBQVsVrDl58W86//e1VpMNBtRV4MaXfdMySFA==}

  safer-buffer@2.1.2:
    resolution: {integrity: sha512-YZo3K82SD7Riyi0E1EQPojLz7kpepnSQI9IyPbHHg1XXXevb5dJI7tpyN2ADxGcQbHG7vcyRHk0cbwqcQriUtg==}

  signal-exit@4.1.0:
    resolution: {integrity: sha512-bzyZ1e88w9O1iNJbKnOlvYTrWPDl46O1bG0D3XInv+9tkPrxrN8jUUTiFlDkkmKWgn1M6CfIA13SuGqOa9Korw==}
    engines: {node: '>=14'}

  stdin-discarder@0.2.2:
    resolution: {integrity: sha512-UhDfHmA92YAlNnCfhmq0VeNL5bDbiZGg7sZ2IvPsXubGkiNa9EC+tUTsjBRsYUAz87btI6/1wf4XoVvQ3uRnmQ==}
    engines: {node: '>=18'}

  string-width@4.2.3:
    resolution: {integrity: sha512-wKyQRQpjJ0sIp62ErSZdGsjMJWsap5oRNihHhu6G7JVO/9jIB6UyevL+tXuOqrng8j/cxKTWyWUwvSTriiZz/g==}
    engines: {node: '>=8'}

  string-width@7.2.0:
    resolution: {integrity: sha512-tsaTIkKW9b4N+AEj+SVA+WhJzV7/zMhcSu78mLKWSk7cXMOSHsBKFWUs0fWwq8QyK3MgJBQRX6Gbi4kYbdvGkQ==}
    engines: {node: '>=18'}

  string-width@8.1.0:
    resolution: {integrity: sha512-Kxl3KJGb/gxkaUMOjRsQ8IrXiGW75O4E3RPjFIINOVH8AMl2SQ/yWdTzWwF3FevIX9LcMAjJW+GRwAlAbTSXdg==}
    engines: {node: '>=20'}

  strip-ansi@6.0.1:
    resolution: {integrity: sha512-Y38VPSHcqkFrCpFnQ9vuSXmquuv5oXOKpGeT6aGrr3o3Gc9AlVa6JBfUSOCnbxGGZF+/0ooI7KrPuUSztUdU5A==}
    engines: {node: '>=8'}

  strip-ansi@7.1.2:
    resolution: {integrity: sha512-gmBGslpoQJtgnMAvOVqGZpEz9dyoKTCzy2nfz/n8aIFhN/jCE/rCmcxabB6jOOHV+0WNnylOxaxBQPSvcWklhA==}
    engines: {node: '>=12'}

  tslib@2.8.1:
    resolution: {integrity: sha512-oJFu94HQb+KVduSUQL7wnpmqnfmLsOA/nAh6b6EH0wCEoK0/mPeXU6c3wKDV83MkOuHPRHtSXKKU99IBazS/2w==}

  type-fest@4.41.0:
    resolution: {integrity: sha512-TeTSQ6H5YHvpqVwBRcnLDCBnDOHWYu7IvGbHT6N8AOymcr9PJGjc1GTtiWZTYg0NCgYwvnYWEkVChQAr9bjfwA==}
    engines: {node: '>=16'}

  widest-line@5.0.0:
    resolution: {integrity: sha512-c9bZp7b5YtRj2wOe6dlj32MK+Bx/M/d+9VB2SHM1OtsUHR0aV0tdP6DWh/iMt0kWi1t5g1Iudu6hQRNd1A4PVA==}
    engines: {node: '>=18'}

  wrap-ansi@9.0.2:
    resolution: {integrity: sha512-42AtmgqjV+X1VpdOfyTGOYRi0/zsoLqtXQckTmqTeybT+BDIbM/Guxo7x3pE2vtpr1ok6xRqM9OpBe+Jyoqyww==}
    engines: {node: '>=18'}

  yaml@2.8.2:
    resolution: {integrity: sha512-mplynKqc1C2hTVYxd0PU2xQAc22TI1vShAYGksCCfxbn/dFwnHTNi1bvYsBTkhdUNtGIf5xNOg938rrSSYvS9A==}
    engines: {node: '>= 14.6'}
    hasBin: true

  yoctocolors@2.1.2:
    resolution: {integrity: sha512-CzhO+pFNo8ajLM2d2IW/R93ipy99LWjtwblvC1RsoSUMZgyLbYFr221TnSNT7GjGdYui6P459mw9JH/g/zW2ug==}
    engines: {node: '>=18'}

snapshots:

  '@inquirer/ansi@2.0.2': {}

  '@inquirer/checkbox@5.0.3':
    dependencies:
      '@inquirer/ansi': 2.0.2
      '@inquirer/core': 11.1.0
      '@inquirer/figures': 2.0.2
      '@inquirer/type': 4.0.2

  '@inquirer/confirm@6.0.3':
    dependencies:
      '@inquirer/core': 11.1.0
      '@inquirer/type': 4.0.2

  '@inquirer/core@11.1.0':
    dependencies:
      '@inquirer/ansi': 2.0.2
      '@inquirer/figures': 2.0.2
      '@inquirer/type': 4.0.2
      cli-width: 4.1.0
      mute-stream: 3.0.0
      signal-exit: 4.1.0
      wrap-ansi: 9.0.2

  '@inquirer/editor@5.0.3':
    dependencies:
      '@inquirer/core': 11.1.0
      '@inquirer/external-editor': 2.0.2
      '@inquirer/type': 4.0.2

  '@inquirer/expand@5.0.3':
    dependencies:
      '@inquirer/core': 11.1.0
      '@inquirer/type': 4.0.2

  '@inquirer/external-editor@2.0.2':
    dependencies:
      chardet: 2.1.1
      iconv-lite: 0.7.1

  '@inquirer/figures@2.0.2': {}

  '@inquirer/input@5.0.3':
    dependencies:
      '@inquirer/core': 11.1.0
      '@inquirer/type': 4.0.2

  '@inquirer/number@4.0.3':
    dependencies:
      '@inquirer/core': 11.1.0
      '@inquirer/type': 4.0.2

  '@inquirer/password@5.0.3':
    dependencies:
      '@inquirer/ansi': 2.0.2
      '@inquirer/core': 11.1.0
      '@inquirer/type': 4.0.2

  '@inquirer/prompts@8.1.0':
    dependencies:
      '@inquirer/checkbox': 5.0.3
      '@inquirer/confirm': 6.0.3
      '@inquirer/editor': 5.0.3
      '@inquirer/expand': 5.0.3
      '@inquirer/input': 5.0.3
      '@inquirer/number': 4.0.3
      '@inquirer/password': 5.0.3
      '@inquirer/rawlist': 5.1.0
      '@inquirer/search': 4.0.3
      '@inquirer/select': 5.0.3

  '@inquirer/rawlist@5.1.0':
    dependencies:
      '@inquirer/core': 11.1.0
      '@inquirer/type': 4.0.2

  '@inquirer/search@4.0.3':
    dependencies:
      '@inquirer/core': 11.1.0
      '@inquirer/figures': 2.0.2
      '@inquirer/type': 4.0.2

  '@inquirer/select@5.0.3':
    dependencies:
      '@inquirer/ansi': 2.0.2
      '@inquirer/core': 11.1.0
      '@inquirer/figures': 2.0.2
      '@inquirer/type': 4.0.2

  '@inquirer/type@4.0.2': {}

  '@mihomo-party/sysproxy-darwin-arm64@2.0.8':
    optional: true

  '@mihomo-party/sysproxy-darwin-x64@2.0.8':
    optional: true

  '@mihomo-party/sysproxy-linux-arm64-gnu@2.0.8':
    optional: true

  '@mihomo-party/sysproxy-linux-x64-gnu@2.0.8':
    optional: true

  '@mihomo-party/sysproxy-win32-arm64-msvc@2.0.8':
    optional: true

  '@mihomo-party/sysproxy-win32-ia32-msvc@2.0.8':
    optional: true

  '@mihomo-party/sysproxy-win32-x64-msvc@2.0.8':
    optional: true

  '@mihomo-party/sysproxy@2.0.8':
    optionalDependencies:
      '@mihomo-party/sysproxy-darwin-arm64': 2.0.8
      '@mihomo-party/sysproxy-darwin-x64': 2.0.8
      '@mihomo-party/sysproxy-linux-arm64-gnu': 2.0.8
      '@mihomo-party/sysproxy-linux-x64-gnu': 2.0.8
      '@mihomo-party/sysproxy-win32-arm64-msvc': 2.0.8
      '@mihomo-party/sysproxy-win32-ia32-msvc': 2.0.8
      '@mihomo-party/sysproxy-win32-x64-msvc': 2.0.8

  adm-zip@0.5.16: {}

  ansi-align@3.0.1:
    dependencies:
      string-width: 4.2.3

  ansi-regex@5.0.1: {}

  ansi-regex@6.2.2: {}

  ansi-styles@6.2.3: {}

  asynckit@0.4.0: {}

  axios@1.13.2:
    dependencies:
      follow-redirects: 1.15.11
      form-data: 4.0.5
      proxy-from-env: 1.1.0
    transitivePeerDependencies:
      - debug

  boxen@8.0.1:
    dependencies:
      ansi-align: 3.0.1
      camelcase: 8.0.0
      chalk: 5.6.2
      cli-boxes: 3.0.0
      string-width: 7.2.0
      type-fest: 4.41.0
      widest-line: 5.0.0
      wrap-ansi: 9.0.2

  call-bind-apply-helpers@1.0.2:
    dependencies:
      es-errors: 1.3.0
      function-bind: 1.1.2

  camelcase@8.0.0: {}

  chalk@5.6.2: {}

  chardet@2.1.1: {}

  cli-boxes@3.0.0: {}

  cli-cursor@5.0.0:
    dependencies:
      restore-cursor: 5.1.0

  cli-progress@3.12.0:
    dependencies:
      string-width: 4.2.3

  cli-spinners@3.3.0: {}

  cli-width@4.1.0: {}

  combined-stream@1.0.8:
    dependencies:
      delayed-stream: 1.0.0

  commander@14.0.2: {}

  delayed-stream@1.0.0: {}

  dunder-proto@1.0.1:
    dependencies:
      call-bind-apply-helpers: 1.0.2
      es-errors: 1.3.0
      gopd: 1.2.0

  emoji-regex@10.6.0: {}

  emoji-regex@8.0.0: {}

  es-define-property@1.0.1: {}

  es-errors@1.3.0: {}

  es-object-atoms@1.1.1:
    dependencies:
      es-errors: 1.3.0

  es-set-tostringtag@2.1.0:
    dependencies:
      es-errors: 1.3.0
      get-intrinsic: 1.3.0
      has-tostringtag: 1.0.2
      hasown: 2.0.2

  follow-redirects@1.15.11: {}

  form-data@4.0.5:
    dependencies:
      asynckit: 0.4.0
      combined-stream: 1.0.8
      es-set-tostringtag: 2.1.0
      hasown: 2.0.2
      mime-types: 2.1.35

  function-bind@1.1.2: {}

  get-east-asian-width@1.4.0: {}

  get-intrinsic@1.3.0:
    dependencies:
      call-bind-apply-helpers: 1.0.2
      es-define-property: 1.0.1
      es-errors: 1.3.0
      es-object-atoms: 1.1.1
      function-bind: 1.1.2
      get-proto: 1.0.1
      gopd: 1.2.0
      has-symbols: 1.1.0
      hasown: 2.0.2
      math-intrinsics: 1.1.0

  get-proto@1.0.1:
    dependencies:
      dunder-proto: 1.0.1
      es-object-atoms: 1.1.1

  gopd@1.2.0: {}

  has-symbols@1.1.0: {}

  has-tostringtag@1.0.2:
    dependencies:
      has-symbols: 1.1.0

  hasown@2.0.2:
    dependencies:
      function-bind: 1.1.2

  iconv-lite@0.7.1:
    dependencies:
      safer-buffer: 2.1.2

  inquirer@13.1.0:
    dependencies:
      '@inquirer/ansi': 2.0.2
      '@inquirer/core': 11.1.0
      '@inquirer/prompts': 8.1.0
      '@inquirer/type': 4.0.2
      mute-stream: 3.0.0
      run-async: 4.0.6
      rxjs: 7.8.2

  is-fullwidth-code-point@3.0.0: {}

  is-interactive@2.0.0: {}

  is-unicode-supported@2.1.0: {}

  log-symbols@7.0.1:
    dependencies:
      is-unicode-supported: 2.1.0
      yoctocolors: 2.1.2

  math-intrinsics@1.1.0: {}

  mime-db@1.52.0: {}

  mime-types@2.1.35:
    dependencies:
      mime-db: 1.52.0

  mimic-function@5.0.1: {}

  mute-stream@3.0.0: {}

  onetime@7.0.0:
    dependencies:
      mimic-function: 5.0.1

  ora@9.0.0:
    dependencies:
      chalk: 5.6.2
      cli-cursor: 5.0.0
      cli-spinners: 3.3.0
      is-interactive: 2.0.0
      is-unicode-supported: 2.1.0
      log-symbols: 7.0.1
      stdin-discarder: 0.2.2
      string-width: 8.1.0
      strip-ansi: 7.1.2

  proxy-from-env@1.1.0: {}

  restore-cursor@5.1.0:
    dependencies:
      onetime: 7.0.0
      signal-exit: 4.1.0

  run-async@4.0.6: {}

  rxjs@7.8.2:
    dependencies:
      tslib: 2.8.1

  safer-buffer@2.1.2: {}

  signal-exit@4.1.0: {}

  stdin-discarder@0.2.2: {}

  string-width@4.2.3:
    dependencies:
      emoji-regex: 8.0.0
      is-fullwidth-code-point: 3.0.0
      strip-ansi: 6.0.1

  string-width@7.2.0:
    dependencies:
      emoji-regex: 10.6.0
      get-east-asian-width: 1.4.0
      strip-ansi: 7.1.2

  string-width@8.1.0:
    dependencies:
      get-east-asian-width: 1.4.0
      strip-ansi: 7.1.2

  strip-ansi@6.0.1:
    dependencies:
      ansi-regex: 5.0.1

  strip-ansi@7.1.2:
    dependencies:
      ansi-regex: 6.2.2

  tslib@2.8.1: {}

  type-fest@4.41.0: {}

  widest-line@5.0.0:
    dependencies:
      string-width: 7.2.0

  wrap-ansi@9.0.2:
    dependencies:
      ansi-styles: 6.2.3
      string-width: 7.2.0
      strip-ansi: 7.1.2

  yaml@2.8.2: {}

  yoctocolors@2.1.2: {}
